// !$*UTF8*$!
{
	archiveVersion = 1;
	classes = {
	};
	objectVersion = 55;
	objects = {

/* Begin PBXBuildFile section */
		43F0895A0D2EF93E66E808CB /* Pods_RooMeet.framework in Frameworks */ = {isa = PBXBuildFile; fileRef = 69E8B7344E8447ABD91037E0 /* Pods_RooMeet.framework */; };
		E55C095E290D51B800DBF21B /* Room.swift in Sources */ = {isa = PBXBuildFile; fileRef = E55C095D290D51B800DBF21B /* Room.swift */; };
		E55C0960290D53F900DBF21B /* Gender.swift in Sources */ = {isa = PBXBuildFile; fileRef = E55C095F290D53F900DBF21B /* Gender.swift */; };
		E55C0972290D628400DBF21B /* Constants.swift in Sources */ = {isa = PBXBuildFile; fileRef = E55C0971290D628400DBF21B /* Constants.swift */; };
		E593EFFD290FEFF000B35550 /* MutlipleChooseController.swift in Sources */ = {isa = PBXBuildFile; fileRef = E593EFFB290FEFF000B35550 /* MutlipleChooseController.swift */; };
		E593EFFE290FEFF000B35550 /* MutlipleChooseController.xib in Resources */ = {isa = PBXBuildFile; fileRef = E593EFFC290FEFF000B35550 /* MutlipleChooseController.xib */; };
		E593F001290FF03900B35550 /* MultipleChooseCell.swift in Sources */ = {isa = PBXBuildFile; fileRef = E593EFFF290FF03900B35550 /* MultipleChooseCell.swift */; };
		E593F002290FF03900B35550 /* MultipleChooseCell.xib in Resources */ = {isa = PBXBuildFile; fileRef = E593F000290FF03900B35550 /* MultipleChooseCell.xib */; };
		E593F0052910016D00B35550 /* OptionCell.swift in Sources */ = {isa = PBXBuildFile; fileRef = E593F0032910016D00B35550 /* OptionCell.swift */; };
		E593F0062910016D00B35550 /* OptionCell.xib in Resources */ = {isa = PBXBuildFile; fileRef = E593F0042910016D00B35550 /* OptionCell.xib */; };
		E593F0092910065C00B35550 /* RulesCell.swift in Sources */ = {isa = PBXBuildFile; fileRef = E593F0072910065C00B35550 /* RulesCell.swift */; };
		E593F00A2910065C00B35550 /* RulesCell.xib in Resources */ = {isa = PBXBuildFile; fileRef = E593F0082910065C00B35550 /* RulesCell.xib */; };
		E593F013291012DF00B35550 /* RulesHeaderCell.swift in Sources */ = {isa = PBXBuildFile; fileRef = E593F011291012DF00B35550 /* RulesHeaderCell.swift */; };
		E593F014291012DF00B35550 /* RulesHeaderCell.xib in Resources */ = {isa = PBXBuildFile; fileRef = E593F012291012DF00B35550 /* RulesHeaderCell.xib */; };
		E5A12A632910B8C4006907D9 /* NibLoadble.swift in Sources */ = {isa = PBXBuildFile; fileRef = E5A12A622910B8C4006907D9 /* NibLoadble.swift */; };
		E5A12A662910C7BF006907D9 /* EditFeeController.swift in Sources */ = {isa = PBXBuildFile; fileRef = E5A12A642910C7BF006907D9 /* EditFeeController.swift */; };
		E5A12A672910C7BF006907D9 /* EditFeeController.xib in Resources */ = {isa = PBXBuildFile; fileRef = E5A12A652910C7BF006907D9 /* EditFeeController.xib */; };
		E5B33762290E71A600467404 /* NumberPickerView.swift in Sources */ = {isa = PBXBuildFile; fileRef = E5B33761290E71A600467404 /* NumberPickerView.swift */; };
		E5B33768290EA2FA00467404 /* RMBaseTextField.swift in Sources */ = {isa = PBXBuildFile; fileRef = E5B33767290EA2FA00467404 /* RMBaseTextField.swift */; };
		E5B3376E290F64D800467404 /* RoomSpecCell.swift in Sources */ = {isa = PBXBuildFile; fileRef = E5B3376C290F64D800467404 /* RoomSpecCell.swift */; };
		E5B3376F290F64D800467404 /* RoomSpecCell.xib in Resources */ = {isa = PBXBuildFile; fileRef = E5B3376D290F64D800467404 /* RoomSpecCell.xib */; };
		E5B33772290F65D800467404 /* PostViewController.swift in Sources */ = {isa = PBXBuildFile; fileRef = E5B33770290F65D800467404 /* PostViewController.swift */; };
		E5B33773290F65D800467404 /* PostViewController.xib in Resources */ = {isa = PBXBuildFile; fileRef = E5B33771290F65D800467404 /* PostViewController.xib */; };
		E5B33776290F668F00467404 /* PostBasicCell.swift in Sources */ = {isa = PBXBuildFile; fileRef = E5B33774290F668F00467404 /* PostBasicCell.swift */; };
		E5B33777290F668F00467404 /* PostBasicCell.xib in Resources */ = {isa = PBXBuildFile; fileRef = E5B33775290F668F00467404 /* PostBasicCell.xib */; };
		E5B3377C290FAA4800467404 /* PostImageCell.swift in Sources */ = {isa = PBXBuildFile; fileRef = E5B3377A290FAA4800467404 /* PostImageCell.swift */; };
		E5B3377D290FAA4800467404 /* PostImageCell.xib in Resources */ = {isa = PBXBuildFile; fileRef = E5B3377B290FAA4800467404 /* PostImageCell.xib */; };
		E5B33780290FB61900467404 /* OtherFeeCell.swift in Sources */ = {isa = PBXBuildFile; fileRef = E5B3377E290FB61900467404 /* OtherFeeCell.swift */; };
		E5B33781290FB61900467404 /* OtherFeeCell.xib in Resources */ = {isa = PBXBuildFile; fileRef = E5B3377F290FB61900467404 /* OtherFeeCell.xib */; };
		E5BDDB3F290D0E2900F4A767 /* AppDelegate.swift in Sources */ = {isa = PBXBuildFile; fileRef = E5BDDB3E290D0E2900F4A767 /* AppDelegate.swift */; };
		E5BDDB41290D0E2900F4A767 /* SceneDelegate.swift in Sources */ = {isa = PBXBuildFile; fileRef = E5BDDB40290D0E2900F4A767 /* SceneDelegate.swift */; };
		E5BDDB43290D0E2900F4A767 /* ViewController.swift in Sources */ = {isa = PBXBuildFile; fileRef = E5BDDB42290D0E2900F4A767 /* ViewController.swift */; };
		E5BDDB46290D0E2900F4A767 /* Main.storyboard in Resources */ = {isa = PBXBuildFile; fileRef = E5BDDB44290D0E2900F4A767 /* Main.storyboard */; };
		E5BDDB48290D0E2D00F4A767 /* Assets.xcassets in Resources */ = {isa = PBXBuildFile; fileRef = E5BDDB47290D0E2D00F4A767 /* Assets.xcassets */; };
		E5BDDB4B290D0E2D00F4A767 /* LaunchScreen.storyboard in Resources */ = {isa = PBXBuildFile; fileRef = E5BDDB49290D0E2D00F4A767 /* LaunchScreen.storyboard */; };
		E5C5FE862910CB8000DA91DF /* FeeInfoCell.swift in Sources */ = {isa = PBXBuildFile; fileRef = E5C5FE842910CB8000DA91DF /* FeeInfoCell.swift */; };
		E5C5FE872910CB8000DA91DF /* FeeInfoCell.xib in Resources */ = {isa = PBXBuildFile; fileRef = E5C5FE852910CB8000DA91DF /* FeeInfoCell.xib */; };
		E5C5FE8A2910EF9E00DA91DF /* FeeDetailCell.swift in Sources */ = {isa = PBXBuildFile; fileRef = E5C5FE882910EF9E00DA91DF /* FeeDetailCell.swift */; };
		E5C5FE8B2910EF9E00DA91DF /* FeeDetailCell.xib in Resources */ = {isa = PBXBuildFile; fileRef = E5C5FE892910EF9E00DA91DF /* FeeDetailCell.xib */; };
		E5DC0FE02911528000EB57FD /* GoogleService-Info.plist in Resources */ = {isa = PBXBuildFile; fileRef = E5DC0FDF2911528000EB57FD /* GoogleService-Info.plist */; };
		E5DC0FE32911FFB300EB57FD /* LocationService.swift in Sources */ = {isa = PBXBuildFile; fileRef = E5DC0FE22911FFB300EB57FD /* LocationService.swift */; };
		E5DC0FE5291204D200EB57FD /* UIImage+Extension.swift in Sources */ = {isa = PBXBuildFile; fileRef = E5DC0FE4291204D200EB57FD /* UIImage+Extension.swift */; };
		E5E64C76290D6E3100F07286 /* RMTabBarController.swift in Sources */ = {isa = PBXBuildFile; fileRef = E5E64C75290D6E3100F07286 /* RMTabBarController.swift */; };
		E5E64C81290E13E400F07286 /* RegionPickerViewController.swift in Sources */ = {isa = PBXBuildFile; fileRef = E5E64C7F290E13E400F07286 /* RegionPickerViewController.swift */; };
		E5E64C84290E183F00F07286 /* RegionService.swift in Sources */ = {isa = PBXBuildFile; fileRef = E5E64C83290E183F00F07286 /* RegionService.swift */; };
		E5E64C86290E185600F07286 /* Region.swift in Sources */ = {isa = PBXBuildFile; fileRef = E5E64C85290E185600F07286 /* Region.swift */; };
		E5E64C8D290E1AA700F07286 /* RegionPickerCell.swift in Sources */ = {isa = PBXBuildFile; fileRef = E5E64C8B290E1AA700F07286 /* RegionPickerCell.swift */; };
		E5E64C8E290E1AA700F07286 /* RegionPickerCell.xib in Resources */ = {isa = PBXBuildFile; fileRef = E5E64C8C290E1AA700F07286 /* RegionPickerCell.xib */; };
		E5E64C93290E3D3E00F07286 /* Home.storyboard in Resources */ = {isa = PBXBuildFile; fileRef = E5E64C92290E3D3E00F07286 /* Home.storyboard */; };
		E5E64C96290E3E2600F07286 /* UIStoryboard+Extension.swift in Sources */ = {isa = PBXBuildFile; fileRef = E5E64C95290E3E2600F07286 /* UIStoryboard+Extension.swift */; };
		E5E64C98290E454E00F07286 /* HomeViewController.swift in Sources */ = {isa = PBXBuildFile; fileRef = E5E64C97290E454E00F07286 /* HomeViewController.swift */; };
		E5E64C9A290E474200F07286 /* UIColor+Extension.swift in Sources */ = {isa = PBXBuildFile; fileRef = E5E64C99290E474200F07286 /* UIColor+Extension.swift */; };
/* End PBXBuildFile section */

/* Begin PBXFileReference section */
		572078A3C9F8A5A84AA3CAE9 /* Pods-RooMeet.release.xcconfig */ = {isa = PBXFileReference; includeInIndex = 1; lastKnownFileType = text.xcconfig; name = "Pods-RooMeet.release.xcconfig"; path = "Target Support Files/Pods-RooMeet/Pods-RooMeet.release.xcconfig"; sourceTree = "<group>"; };
		69E8B7344E8447ABD91037E0 /* Pods_RooMeet.framework */ = {isa = PBXFileReference; explicitFileType = wrapper.framework; includeInIndex = 0; path = Pods_RooMeet.framework; sourceTree = BUILT_PRODUCTS_DIR; };
		BE5A43F1B6AB4E753E5C2520 /* Pods-RooMeet.debug.xcconfig */ = {isa = PBXFileReference; includeInIndex = 1; lastKnownFileType = text.xcconfig; name = "Pods-RooMeet.debug.xcconfig"; path = "Target Support Files/Pods-RooMeet/Pods-RooMeet.debug.xcconfig"; sourceTree = "<group>"; };
		E55C095D290D51B800DBF21B /* Room.swift */ = {isa = PBXFileReference; lastKnownFileType = sourcecode.swift; path = Room.swift; sourceTree = "<group>"; };
		E55C095F290D53F900DBF21B /* Gender.swift */ = {isa = PBXFileReference; lastKnownFileType = sourcecode.swift; path = Gender.swift; sourceTree = "<group>"; };
		E55C0971290D628400DBF21B /* Constants.swift */ = {isa = PBXFileReference; lastKnownFileType = sourcecode.swift; path = Constants.swift; sourceTree = "<group>"; };
		E593EFFB290FEFF000B35550 /* MutlipleChooseController.swift */ = {isa = PBXFileReference; lastKnownFileType = sourcecode.swift; path = MutlipleChooseController.swift; sourceTree = "<group>"; };
		E593EFFC290FEFF000B35550 /* MutlipleChooseController.xib */ = {isa = PBXFileReference; lastKnownFileType = file.xib; path = MutlipleChooseController.xib; sourceTree = "<group>"; };
		E593EFFF290FF03900B35550 /* MultipleChooseCell.swift */ = {isa = PBXFileReference; lastKnownFileType = sourcecode.swift; path = MultipleChooseCell.swift; sourceTree = "<group>"; };
		E593F000290FF03900B35550 /* MultipleChooseCell.xib */ = {isa = PBXFileReference; lastKnownFileType = file.xib; path = MultipleChooseCell.xib; sourceTree = "<group>"; };
		E593F0032910016D00B35550 /* OptionCell.swift */ = {isa = PBXFileReference; lastKnownFileType = sourcecode.swift; path = OptionCell.swift; sourceTree = "<group>"; };
		E593F0042910016D00B35550 /* OptionCell.xib */ = {isa = PBXFileReference; lastKnownFileType = file.xib; path = OptionCell.xib; sourceTree = "<group>"; };
		E593F0072910065C00B35550 /* RulesCell.swift */ = {isa = PBXFileReference; lastKnownFileType = sourcecode.swift; path = RulesCell.swift; sourceTree = "<group>"; };
		E593F0082910065C00B35550 /* RulesCell.xib */ = {isa = PBXFileReference; lastKnownFileType = file.xib; path = RulesCell.xib; sourceTree = "<group>"; };
		E593F011291012DF00B35550 /* RulesHeaderCell.swift */ = {isa = PBXFileReference; lastKnownFileType = sourcecode.swift; path = RulesHeaderCell.swift; sourceTree = "<group>"; };
		E593F012291012DF00B35550 /* RulesHeaderCell.xib */ = {isa = PBXFileReference; lastKnownFileType = file.xib; path = RulesHeaderCell.xib; sourceTree = "<group>"; };
		E5A12A622910B8C4006907D9 /* NibLoadble.swift */ = {isa = PBXFileReference; lastKnownFileType = sourcecode.swift; path = NibLoadble.swift; sourceTree = "<group>"; };
		E5A12A642910C7BF006907D9 /* EditFeeController.swift */ = {isa = PBXFileReference; lastKnownFileType = sourcecode.swift; path = EditFeeController.swift; sourceTree = "<group>"; };
		E5A12A652910C7BF006907D9 /* EditFeeController.xib */ = {isa = PBXFileReference; lastKnownFileType = file.xib; path = EditFeeController.xib; sourceTree = "<group>"; };
		E5B33761290E71A600467404 /* NumberPickerView.swift */ = {isa = PBXFileReference; lastKnownFileType = sourcecode.swift; path = NumberPickerView.swift; sourceTree = "<group>"; };
		E5B33767290EA2FA00467404 /* RMBaseTextField.swift */ = {isa = PBXFileReference; lastKnownFileType = sourcecode.swift; path = RMBaseTextField.swift; sourceTree = "<group>"; };
		E5B3376C290F64D800467404 /* RoomSpecCell.swift */ = {isa = PBXFileReference; lastKnownFileType = sourcecode.swift; path = RoomSpecCell.swift; sourceTree = "<group>"; };
		E5B3376D290F64D800467404 /* RoomSpecCell.xib */ = {isa = PBXFileReference; lastKnownFileType = file.xib; path = RoomSpecCell.xib; sourceTree = "<group>"; };
		E5B33770290F65D800467404 /* PostViewController.swift */ = {isa = PBXFileReference; lastKnownFileType = sourcecode.swift; path = PostViewController.swift; sourceTree = "<group>"; };
		E5B33771290F65D800467404 /* PostViewController.xib */ = {isa = PBXFileReference; lastKnownFileType = file.xib; path = PostViewController.xib; sourceTree = "<group>"; };
		E5B33774290F668F00467404 /* PostBasicCell.swift */ = {isa = PBXFileReference; lastKnownFileType = sourcecode.swift; path = PostBasicCell.swift; sourceTree = "<group>"; };
		E5B33775290F668F00467404 /* PostBasicCell.xib */ = {isa = PBXFileReference; lastKnownFileType = file.xib; path = PostBasicCell.xib; sourceTree = "<group>"; };
		E5B3377A290FAA4800467404 /* PostImageCell.swift */ = {isa = PBXFileReference; lastKnownFileType = sourcecode.swift; path = PostImageCell.swift; sourceTree = "<group>"; };
		E5B3377B290FAA4800467404 /* PostImageCell.xib */ = {isa = PBXFileReference; lastKnownFileType = file.xib; path = PostImageCell.xib; sourceTree = "<group>"; };
		E5B3377E290FB61900467404 /* OtherFeeCell.swift */ = {isa = PBXFileReference; lastKnownFileType = sourcecode.swift; path = OtherFeeCell.swift; sourceTree = "<group>"; };
		E5B3377F290FB61900467404 /* OtherFeeCell.xib */ = {isa = PBXFileReference; lastKnownFileType = file.xib; path = OtherFeeCell.xib; sourceTree = "<group>"; };
		E5BDDB3B290D0E2900F4A767 /* RooMeet.app */ = {isa = PBXFileReference; explicitFileType = wrapper.application; includeInIndex = 0; path = RooMeet.app; sourceTree = BUILT_PRODUCTS_DIR; };
		E5BDDB3E290D0E2900F4A767 /* AppDelegate.swift */ = {isa = PBXFileReference; lastKnownFileType = sourcecode.swift; path = AppDelegate.swift; sourceTree = "<group>"; };
		E5BDDB40290D0E2900F4A767 /* SceneDelegate.swift */ = {isa = PBXFileReference; lastKnownFileType = sourcecode.swift; path = SceneDelegate.swift; sourceTree = "<group>"; };
		E5BDDB42290D0E2900F4A767 /* ViewController.swift */ = {isa = PBXFileReference; lastKnownFileType = sourcecode.swift; path = ViewController.swift; sourceTree = "<group>"; };
		E5BDDB45290D0E2900F4A767 /* Base */ = {isa = PBXFileReference; lastKnownFileType = file.storyboard; name = Base; path = Base.lproj/Main.storyboard; sourceTree = "<group>"; };
		E5BDDB47290D0E2D00F4A767 /* Assets.xcassets */ = {isa = PBXFileReference; lastKnownFileType = folder.assetcatalog; path = Assets.xcassets; sourceTree = "<group>"; };
		E5BDDB4A290D0E2D00F4A767 /* Base */ = {isa = PBXFileReference; lastKnownFileType = file.storyboard; name = Base; path = Base.lproj/LaunchScreen.storyboard; sourceTree = "<group>"; };
		E5BDDB4C290D0E2D00F4A767 /* Info.plist */ = {isa = PBXFileReference; lastKnownFileType = text.plist.xml; path = Info.plist; sourceTree = "<group>"; };
		E5C5FE842910CB8000DA91DF /* FeeInfoCell.swift */ = {isa = PBXFileReference; lastKnownFileType = sourcecode.swift; path = FeeInfoCell.swift; sourceTree = "<group>"; };
		E5C5FE852910CB8000DA91DF /* FeeInfoCell.xib */ = {isa = PBXFileReference; lastKnownFileType = file.xib; path = FeeInfoCell.xib; sourceTree = "<group>"; };
		E5C5FE882910EF9E00DA91DF /* FeeDetailCell.swift */ = {isa = PBXFileReference; lastKnownFileType = sourcecode.swift; path = FeeDetailCell.swift; sourceTree = "<group>"; };
		E5C5FE892910EF9E00DA91DF /* FeeDetailCell.xib */ = {isa = PBXFileReference; lastKnownFileType = file.xib; path = FeeDetailCell.xib; sourceTree = "<group>"; };
		E5DC0FDF2911528000EB57FD /* GoogleService-Info.plist */ = {isa = PBXFileReference; fileEncoding = 4; lastKnownFileType = text.plist.xml; path = "GoogleService-Info.plist"; sourceTree = "<group>"; };
		E5DC0FE22911FFB300EB57FD /* LocationService.swift */ = {isa = PBXFileReference; lastKnownFileType = sourcecode.swift; path = LocationService.swift; sourceTree = "<group>"; };
		E5DC0FE4291204D200EB57FD /* UIImage+Extension.swift */ = {isa = PBXFileReference; lastKnownFileType = sourcecode.swift; path = "UIImage+Extension.swift"; sourceTree = "<group>"; };
		E5E64C75290D6E3100F07286 /* RMTabBarController.swift */ = {isa = PBXFileReference; lastKnownFileType = sourcecode.swift; path = RMTabBarController.swift; sourceTree = "<group>"; };
		E5E64C7F290E13E400F07286 /* RegionPickerViewController.swift */ = {isa = PBXFileReference; lastKnownFileType = sourcecode.swift; path = RegionPickerViewController.swift; sourceTree = "<group>"; };
		E5E64C83290E183F00F07286 /* RegionService.swift */ = {isa = PBXFileReference; lastKnownFileType = sourcecode.swift; path = RegionService.swift; sourceTree = "<group>"; };
		E5E64C85290E185600F07286 /* Region.swift */ = {isa = PBXFileReference; lastKnownFileType = sourcecode.swift; path = Region.swift; sourceTree = "<group>"; };
		E5E64C8B290E1AA700F07286 /* RegionPickerCell.swift */ = {isa = PBXFileReference; lastKnownFileType = sourcecode.swift; path = RegionPickerCell.swift; sourceTree = "<group>"; };
		E5E64C8C290E1AA700F07286 /* RegionPickerCell.xib */ = {isa = PBXFileReference; lastKnownFileType = file.xib; path = RegionPickerCell.xib; sourceTree = "<group>"; };
		E5E64C92290E3D3E00F07286 /* Home.storyboard */ = {isa = PBXFileReference; lastKnownFileType = file.storyboard; path = Home.storyboard; sourceTree = "<group>"; };
		E5E64C95290E3E2600F07286 /* UIStoryboard+Extension.swift */ = {isa = PBXFileReference; lastKnownFileType = sourcecode.swift; path = "UIStoryboard+Extension.swift"; sourceTree = "<group>"; };
		E5E64C97290E454E00F07286 /* HomeViewController.swift */ = {isa = PBXFileReference; lastKnownFileType = sourcecode.swift; path = HomeViewController.swift; sourceTree = "<group>"; };
		E5E64C99290E474200F07286 /* UIColor+Extension.swift */ = {isa = PBXFileReference; lastKnownFileType = sourcecode.swift; path = "UIColor+Extension.swift"; sourceTree = "<group>"; };
/* End PBXFileReference section */

/* Begin PBXFrameworksBuildPhase section */
		E5BDDB38290D0E2900F4A767 /* Frameworks */ = {
			isa = PBXFrameworksBuildPhase;
			buildActionMask = 2147483647;
			files = (
				43F0895A0D2EF93E66E808CB /* Pods_RooMeet.framework in Frameworks */,
			);
			runOnlyForDeploymentPostprocessing = 0;
		};
/* End PBXFrameworksBuildPhase section */

/* Begin PBXGroup section */
		4638587F451EB83409A04D66 /* Frameworks */ = {
			isa = PBXGroup;
			children = (
				69E8B7344E8447ABD91037E0 /* Pods_RooMeet.framework */,
			);
			name = Frameworks;
			sourceTree = "<group>";
		};
		C8EB47FCE83D668C7712B265 /* Pods */ = {
			isa = PBXGroup;
			children = (
				BE5A43F1B6AB4E753E5C2520 /* Pods-RooMeet.debug.xcconfig */,
				572078A3C9F8A5A84AA3CAE9 /* Pods-RooMeet.release.xcconfig */,
			);
			path = Pods;
			sourceTree = "<group>";
		};
		E55C095B290D4F5800DBF21B /* Model */ = {
			isa = PBXGroup;
			children = (
				E55C095D290D51B800DBF21B /* Room.swift */,
				E55C095F290D53F900DBF21B /* Gender.swift */,
				E5E64C83290E183F00F07286 /* RegionService.swift */,
				E5E64C85290E185600F07286 /* Region.swift */,
			);
			path = Model;
			sourceTree = "<group>";
		};
		E55C0961290D5BB700DBF21B /* ViewModel */ = {
			isa = PBXGroup;
			children = (
			);
			path = ViewModel;
			sourceTree = "<group>";
		};
		E55C0962290D5BF600DBF21B /* Controller */ = {
			isa = PBXGroup;
			children = (
				E5E64C75290D6E3100F07286 /* RMTabBarController.swift */,
				E5E64C97290E454E00F07286 /* HomeViewController.swift */,
			);
			path = Controller;
			sourceTree = "<group>";
		};
		E55C0963290D5C2D00DBF21B /* View */ = {
			isa = PBXGroup;
			children = (
				E5DC0FED29120CCA00EB57FD /* Component */,
				E5B3376B290F639F00467404 /* AddRoom */,
			);
			path = View;
			sourceTree = "<group>";
		};
		E55C0970290D627000DBF21B /* Resource */ = {
			isa = PBXGroup;
			children = (
				E55C0971290D628400DBF21B /* Constants.swift */,
			);
			path = Resource;
			sourceTree = "<group>";
		};
		E593F0152910ADC700B35550 /* Cell */ = {
			isa = PBXGroup;
			children = (
				E5DC0FEF29120D3800EB57FD /* FeeDetail */,
				E5DC0FE729120C3300EB57FD /* RooSpecCell */,
				E5DC0FE829120C4400EB57FD /* PostBasicInfoCell */,
				E5DC0FE929120C6A00EB57FD /* PostImageCell */,
				E5DC0FEA29120C8400EB57FD /* OtherFeeCell */,
				E5DC0FEB29120C9300EB57FD /* RuleCell */,
			);
			path = Cell;
			sourceTree = "<group>";
		};
		E5B3376B290F639F00467404 /* AddRoom */ = {
			isa = PBXGroup;
			children = (
				E5B33770290F65D800467404 /* PostViewController.swift */,
				E5B33771290F65D800467404 /* PostViewController.xib */,
				E5DC0FE629120BEC00EB57FD /* MutlipleChoose */,
				E5DC0FEE29120D1400EB57FD /* EditFee */,
				E5E64C8F290E3B9300F07286 /* RegionPicker */,
				E593F0152910ADC700B35550 /* Cell */,
			);
			path = AddRoom;
			sourceTree = "<group>";
		};
		E5BDDB32290D0E2900F4A767 = {
			isa = PBXGroup;
			children = (
				E5BDDB3D290D0E2900F4A767 /* RooMeet */,
				E5BDDB3C290D0E2900F4A767 /* Products */,
				C8EB47FCE83D668C7712B265 /* Pods */,
				4638587F451EB83409A04D66 /* Frameworks */,
			);
			sourceTree = "<group>";
		};
		E5BDDB3C290D0E2900F4A767 /* Products */ = {
			isa = PBXGroup;
			children = (
				E5BDDB3B290D0E2900F4A767 /* RooMeet.app */,
			);
			name = Products;
			sourceTree = "<group>";
		};
		E5BDDB3D290D0E2900F4A767 /* RooMeet */ = {
			isa = PBXGroup;
			children = (
				E55C0963290D5C2D00DBF21B /* View */,
				E5DC0FE12911FF2700EB57FD /* Service */,
				E5E64C94290E3E0C00F07286 /* Extension */,
				E55C0970290D627000DBF21B /* Resource */,
				E55C0962290D5BF600DBF21B /* Controller */,
				E55C0961290D5BB700DBF21B /* ViewModel */,
				E55C095B290D4F5800DBF21B /* Model */,
				E5BDDB3E290D0E2900F4A767 /* AppDelegate.swift */,
				E5BDDB40290D0E2900F4A767 /* SceneDelegate.swift */,
				E5BDDB42290D0E2900F4A767 /* ViewController.swift */,
				E5BDDB44290D0E2900F4A767 /* Main.storyboard */,
				E5BDDB47290D0E2D00F4A767 /* Assets.xcassets */,
				E5BDDB49290D0E2D00F4A767 /* LaunchScreen.storyboard */,
				E5BDDB4C290D0E2D00F4A767 /* Info.plist */,
				E5DC0FDF2911528000EB57FD /* GoogleService-Info.plist */,
				E5E64C92290E3D3E00F07286 /* Home.storyboard */,
				E5A12A622910B8C4006907D9 /* NibLoadble.swift */,
			);
			path = RooMeet;
			sourceTree = "<group>";
		};
		E5DC0FE12911FF2700EB57FD /* Service */ = {
			isa = PBXGroup;
			children = (
				E5DC0FE22911FFB300EB57FD /* LocationService.swift */,
			);
			path = Service;
			sourceTree = "<group>";
		};
		E5DC0FE629120BEC00EB57FD /* MutlipleChoose */ = {
			isa = PBXGroup;
			children = (
				E593EFFB290FEFF000B35550 /* MutlipleChooseController.swift */,
				E593EFFC290FEFF000B35550 /* MutlipleChooseController.xib */,
				E593EFFF290FF03900B35550 /* MultipleChooseCell.swift */,
				E593F000290FF03900B35550 /* MultipleChooseCell.xib */,
				E593F0032910016D00B35550 /* OptionCell.swift */,
				E593F0042910016D00B35550 /* OptionCell.xib */,
			);
			path = MutlipleChoose;
			sourceTree = "<group>";
		};
		E5DC0FE729120C3300EB57FD /* RooSpecCell */ = {
			isa = PBXGroup;
			children = (
				E5B3376C290F64D800467404 /* RoomSpecCell.swift */,
				E5B3376D290F64D800467404 /* RoomSpecCell.xib */,
			);
			path = RooSpecCell;
			sourceTree = "<group>";
		};
		E5DC0FE829120C4400EB57FD /* PostBasicInfoCell */ = {
			isa = PBXGroup;
			children = (
				E5B33774290F668F00467404 /* PostBasicCell.swift */,
				E5B33775290F668F00467404 /* PostBasicCell.xib */,
			);
			path = PostBasicInfoCell;
			sourceTree = "<group>";
		};
		E5DC0FE929120C6A00EB57FD /* PostImageCell */ = {
			isa = PBXGroup;
			children = (
				E5B3377A290FAA4800467404 /* PostImageCell.swift */,
				E5B3377B290FAA4800467404 /* PostImageCell.xib */,
			);
			path = PostImageCell;
			sourceTree = "<group>";
		};
		E5DC0FEA29120C8400EB57FD /* OtherFeeCell */ = {
			isa = PBXGroup;
			children = (
				E5B3377E290FB61900467404 /* OtherFeeCell.swift */,
				E5B3377F290FB61900467404 /* OtherFeeCell.xib */,
			);
			path = OtherFeeCell;
			sourceTree = "<group>";
		};
		E5DC0FEB29120C9300EB57FD /* RuleCell */ = {
			isa = PBXGroup;
			children = (
				E593F0072910065C00B35550 /* RulesCell.swift */,
				E593F0082910065C00B35550 /* RulesCell.xib */,
				E593F011291012DF00B35550 /* RulesHeaderCell.swift */,
				E593F012291012DF00B35550 /* RulesHeaderCell.xib */,
			);
			path = RuleCell;
			sourceTree = "<group>";
		};
		E5DC0FED29120CCA00EB57FD /* Component */ = {
			isa = PBXGroup;
			children = (
				E5B33761290E71A600467404 /* NumberPickerView.swift */,
				E5B33767290EA2FA00467404 /* RMBaseTextField.swift */,
			);
			path = Component;
			sourceTree = "<group>";
		};
		E5DC0FEE29120D1400EB57FD /* EditFee */ = {
			isa = PBXGroup;
			children = (
				E5A12A642910C7BF006907D9 /* EditFeeController.swift */,
				E5A12A652910C7BF006907D9 /* EditFeeController.xib */,
				E5C5FE842910CB8000DA91DF /* FeeInfoCell.swift */,
				E5C5FE852910CB8000DA91DF /* FeeInfoCell.xib */,
			);
			path = EditFee;
			sourceTree = "<group>";
		};
		E5DC0FEF29120D3800EB57FD /* FeeDetail */ = {
			isa = PBXGroup;
			children = (
				E5C5FE882910EF9E00DA91DF /* FeeDetailCell.swift */,
				E5C5FE892910EF9E00DA91DF /* FeeDetailCell.xib */,
			);
			path = FeeDetail;
			sourceTree = "<group>";
		};
		E5E64C8F290E3B9300F07286 /* RegionPicker */ = {
			isa = PBXGroup;
			children = (
				E5E64C7F290E13E400F07286 /* RegionPickerViewController.swift */,
				E5E64C8B290E1AA700F07286 /* RegionPickerCell.swift */,
				E5E64C8C290E1AA700F07286 /* RegionPickerCell.xib */,
			);
			path = RegionPicker;
			sourceTree = "<group>";
		};
		E5E64C94290E3E0C00F07286 /* Extension */ = {
			isa = PBXGroup;
			children = (
				E5E64C95290E3E2600F07286 /* UIStoryboard+Extension.swift */,
				E5E64C99290E474200F07286 /* UIColor+Extension.swift */,
				E5DC0FE4291204D200EB57FD /* UIImage+Extension.swift */,
			);
			path = Extension;
			sourceTree = "<group>";
		};
/* End PBXGroup section */

/* Begin PBXNativeTarget section */
		E5BDDB3A290D0E2900F4A767 /* RooMeet */ = {
			isa = PBXNativeTarget;
			buildConfigurationList = E5BDDB4F290D0E2D00F4A767 /* Build configuration list for PBXNativeTarget "RooMeet" */;
			buildPhases = (
				73ADE39C12D821C26D0E0018 /* [CP] Check Pods Manifest.lock */,
				E5BDDB37290D0E2900F4A767 /* Sources */,
				E5BDDB38290D0E2900F4A767 /* Frameworks */,
				E5BDDB39290D0E2900F4A767 /* Resources */,
				E55C095A290D30F000DBF21B /* ShellScript */,
				658D009A01F7D51CFF41C896 /* [CP] Embed Pods Frameworks */,
			);
			buildRules = (
			);
			dependencies = (
			);
			name = RooMeet;
			productName = RooMeet;
			productReference = E5BDDB3B290D0E2900F4A767 /* RooMeet.app */;
			productType = "com.apple.product-type.application";
		};
/* End PBXNativeTarget section */

/* Begin PBXProject section */
		E5BDDB33290D0E2900F4A767 /* Project object */ = {
			isa = PBXProject;
			attributes = {
				BuildIndependentTargetsInParallel = 1;
				LastSwiftUpdateCheck = 1340;
				LastUpgradeCheck = 1340;
				TargetAttributes = {
					E5BDDB3A290D0E2900F4A767 = {
						CreatedOnToolsVersion = 13.4;
					};
				};
			};
			buildConfigurationList = E5BDDB36290D0E2900F4A767 /* Build configuration list for PBXProject "RooMeet" */;
			compatibilityVersion = "Xcode 13.0";
			developmentRegion = en;
			hasScannedForEncodings = 0;
			knownRegions = (
				en,
				Base,
			);
			mainGroup = E5BDDB32290D0E2900F4A767;
			productRefGroup = E5BDDB3C290D0E2900F4A767 /* Products */;
			projectDirPath = "";
			projectRoot = "";
			targets = (
				E5BDDB3A290D0E2900F4A767 /* RooMeet */,
			);
		};
/* End PBXProject section */

/* Begin PBXResourcesBuildPhase section */
		E5BDDB39290D0E2900F4A767 /* Resources */ = {
			isa = PBXResourcesBuildPhase;
			buildActionMask = 2147483647;
			files = (
				E593EFFE290FEFF000B35550 /* MutlipleChooseController.xib in Resources */,
				E5B33777290F668F00467404 /* PostBasicCell.xib in Resources */,
				E5A12A672910C7BF006907D9 /* EditFeeController.xib in Resources */,
				E593F002290FF03900B35550 /* MultipleChooseCell.xib in Resources */,
				E5BDDB4B290D0E2D00F4A767 /* LaunchScreen.storyboard in Resources */,
				E5B3377D290FAA4800467404 /* PostImageCell.xib in Resources */,
				E5B33773290F65D800467404 /* PostViewController.xib in Resources */,
				E5BDDB48290D0E2D00F4A767 /* Assets.xcassets in Resources */,
				E5BDDB46290D0E2900F4A767 /* Main.storyboard in Resources */,
				E5B33781290FB61900467404 /* OtherFeeCell.xib in Resources */,
				E5E64C8E290E1AA700F07286 /* RegionPickerCell.xib in Resources */,
				E5E64C93290E3D3E00F07286 /* Home.storyboard in Resources */,
				E593F014291012DF00B35550 /* RulesHeaderCell.xib in Resources */,
				E593F00A2910065C00B35550 /* RulesCell.xib in Resources */,
				E593F0062910016D00B35550 /* OptionCell.xib in Resources */,
				E5C5FE872910CB8000DA91DF /* FeeInfoCell.xib in Resources */,
				E5B3376F290F64D800467404 /* RoomSpecCell.xib in Resources */,
				E5C5FE8B2910EF9E00DA91DF /* FeeDetailCell.xib in Resources */,
				E5DC0FE02911528000EB57FD /* GoogleService-Info.plist in Resources */,
			);
			runOnlyForDeploymentPostprocessing = 0;
		};
/* End PBXResourcesBuildPhase section */

/* Begin PBXShellScriptBuildPhase section */
		658D009A01F7D51CFF41C896 /* [CP] Embed Pods Frameworks */ = {
			isa = PBXShellScriptBuildPhase;
			buildActionMask = 2147483647;
			files = (
			);
			inputFileListPaths = (
				"${PODS_ROOT}/Target Support Files/Pods-RooMeet/Pods-RooMeet-frameworks-${CONFIGURATION}-input-files.xcfilelist",
			);
			name = "[CP] Embed Pods Frameworks";
			outputFileListPaths = (
				"${PODS_ROOT}/Target Support Files/Pods-RooMeet/Pods-RooMeet-frameworks-${CONFIGURATION}-output-files.xcfilelist",
			);
			runOnlyForDeploymentPostprocessing = 0;
			shellPath = /bin/sh;
			shellScript = "\"${PODS_ROOT}/Target Support Files/Pods-RooMeet/Pods-RooMeet-frameworks.sh\"\n";
			showEnvVarsInLog = 0;
		};
		73ADE39C12D821C26D0E0018 /* [CP] Check Pods Manifest.lock */ = {
			isa = PBXShellScriptBuildPhase;
			buildActionMask = 2147483647;
			files = (
			);
			inputFileListPaths = (
			);
			inputPaths = (
				"${PODS_PODFILE_DIR_PATH}/Podfile.lock",
				"${PODS_ROOT}/Manifest.lock",
			);
			name = "[CP] Check Pods Manifest.lock";
			outputFileListPaths = (
			);
			outputPaths = (
				"$(DERIVED_FILE_DIR)/Pods-RooMeet-checkManifestLockResult.txt",
			);
			runOnlyForDeploymentPostprocessing = 0;
			shellPath = /bin/sh;
			shellScript = "diff \"${PODS_PODFILE_DIR_PATH}/Podfile.lock\" \"${PODS_ROOT}/Manifest.lock\" > /dev/null\nif [ $? != 0 ] ; then\n    # print error to STDERR\n    echo \"error: The sandbox is not in sync with the Podfile.lock. Run 'pod install' or update your CocoaPods installation.\" >&2\n    exit 1\nfi\n# This output is used by Xcode 'outputs' to avoid re-running this script phase.\necho \"SUCCESS\" > \"${SCRIPT_OUTPUT_FILE_0}\"\n";
			showEnvVarsInLog = 0;
		};
		E55C095A290D30F000DBF21B /* ShellScript */ = {
			isa = PBXShellScriptBuildPhase;
			buildActionMask = 2147483647;
			files = (
			);
			inputFileListPaths = (
			);
			inputPaths = (
			);
			outputFileListPaths = (
			);
			outputPaths = (
			);
			runOnlyForDeploymentPostprocessing = 0;
			shellPath = /bin/sh;
			shellScript = "# Type a script or drag a script file from your workspace to insert its path.\n\"${PODS_ROOT}/SwiftLint/swiftlint\"\n";
		};
/* End PBXShellScriptBuildPhase section */

/* Begin PBXSourcesBuildPhase section */
		E5BDDB37290D0E2900F4A767 /* Sources */ = {
			isa = PBXSourcesBuildPhase;
			buildActionMask = 2147483647;
			files = (
				E593EFFD290FEFF000B35550 /* MutlipleChooseController.swift in Sources */,
				E5BDDB43290D0E2900F4A767 /* ViewController.swift in Sources */,
				E55C0960290D53F900DBF21B /* Gender.swift in Sources */,
				E5DC0FE5291204D200EB57FD /* UIImage+Extension.swift in Sources */,
				E5BDDB3F290D0E2900F4A767 /* AppDelegate.swift in Sources */,
				E593F013291012DF00B35550 /* RulesHeaderCell.swift in Sources */,
				E593F0092910065C00B35550 /* RulesCell.swift in Sources */,
				E5C5FE862910CB8000DA91DF /* FeeInfoCell.swift in Sources */,
				E5DC0FE32911FFB300EB57FD /* LocationService.swift in Sources */,
				E5B33772290F65D800467404 /* PostViewController.swift in Sources */,
				E5B3376E290F64D800467404 /* RoomSpecCell.swift in Sources */,
				E5E64C9A290E474200F07286 /* UIColor+Extension.swift in Sources */,
				E55C095E290D51B800DBF21B /* Room.swift in Sources */,
				E5B33762290E71A600467404 /* NumberPickerView.swift in Sources */,
				E5C5FE8A2910EF9E00DA91DF /* FeeDetailCell.swift in Sources */,
				E5A12A662910C7BF006907D9 /* EditFeeController.swift in Sources */,
				E5E64C8D290E1AA700F07286 /* RegionPickerCell.swift in Sources */,
				E5E64C86290E185600F07286 /* Region.swift in Sources */,
				E5B33768290EA2FA00467404 /* RMBaseTextField.swift in Sources */,
				E5BDDB41290D0E2900F4A767 /* SceneDelegate.swift in Sources */,
				E5E64C84290E183F00F07286 /* RegionService.swift in Sources */,
				E5B33780290FB61900467404 /* OtherFeeCell.swift in Sources */,
				E593F0052910016D00B35550 /* OptionCell.swift in Sources */,
				E5E64C76290D6E3100F07286 /* RMTabBarController.swift in Sources */,
				E5B33776290F668F00467404 /* PostBasicCell.swift in Sources */,
				E5E64C98290E454E00F07286 /* HomeViewController.swift in Sources */,
				E5A12A632910B8C4006907D9 /* NibLoadble.swift in Sources */,
				E5E64C81290E13E400F07286 /* RegionPickerViewController.swift in Sources */,
				E593F001290FF03900B35550 /* MultipleChooseCell.swift in Sources */,
				E5B3377C290FAA4800467404 /* PostImageCell.swift in Sources */,
				E55C0972290D628400DBF21B /* Constants.swift in Sources */,
				E5E64C96290E3E2600F07286 /* UIStoryboard+Extension.swift in Sources */,
			);
			runOnlyForDeploymentPostprocessing = 0;
		};
/* End PBXSourcesBuildPhase section */

/* Begin PBXVariantGroup section */
		E5BDDB44290D0E2900F4A767 /* Main.storyboard */ = {
			isa = PBXVariantGroup;
			children = (
				E5BDDB45290D0E2900F4A767 /* Base */,
			);
			name = Main.storyboard;
			sourceTree = "<group>";
		};
		E5BDDB49290D0E2D00F4A767 /* LaunchScreen.storyboard */ = {
			isa = PBXVariantGroup;
			children = (
				E5BDDB4A290D0E2D00F4A767 /* Base */,
			);
			name = LaunchScreen.storyboard;
			sourceTree = "<group>";
		};
/* End PBXVariantGroup section */

/* Begin XCBuildConfiguration section */
		E5BDDB4D290D0E2D00F4A767 /* Debug */ = {
			isa = XCBuildConfiguration;
			buildSettings = {
				ALWAYS_SEARCH_USER_PATHS = NO;
				CLANG_ANALYZER_NONNULL = YES;
				CLANG_ANALYZER_NUMBER_OBJECT_CONVERSION = YES_AGGRESSIVE;
				CLANG_CXX_LANGUAGE_STANDARD = "gnu++17";
				CLANG_ENABLE_MODULES = YES;
				CLANG_ENABLE_OBJC_ARC = YES;
				CLANG_ENABLE_OBJC_WEAK = YES;
				CLANG_WARN_BLOCK_CAPTURE_AUTORELEASING = YES;
				CLANG_WARN_BOOL_CONVERSION = YES;
				CLANG_WARN_COMMA = YES;
				CLANG_WARN_CONSTANT_CONVERSION = YES;
				CLANG_WARN_DEPRECATED_OBJC_IMPLEMENTATIONS = YES;
				CLANG_WARN_DIRECT_OBJC_ISA_USAGE = YES_ERROR;
				CLANG_WARN_DOCUMENTATION_COMMENTS = YES;
				CLANG_WARN_EMPTY_BODY = YES;
				CLANG_WARN_ENUM_CONVERSION = YES;
				CLANG_WARN_INFINITE_RECURSION = YES;
				CLANG_WARN_INT_CONVERSION = YES;
				CLANG_WARN_NON_LITERAL_NULL_CONVERSION = YES;
				CLANG_WARN_OBJC_IMPLICIT_RETAIN_SELF = YES;
				CLANG_WARN_OBJC_LITERAL_CONVERSION = YES;
				CLANG_WARN_OBJC_ROOT_CLASS = YES_ERROR;
				CLANG_WARN_QUOTED_INCLUDE_IN_FRAMEWORK_HEADER = YES;
				CLANG_WARN_RANGE_LOOP_ANALYSIS = YES;
				CLANG_WARN_STRICT_PROTOTYPES = YES;
				CLANG_WARN_SUSPICIOUS_MOVE = YES;
				CLANG_WARN_UNGUARDED_AVAILABILITY = YES_AGGRESSIVE;
				CLANG_WARN_UNREACHABLE_CODE = YES;
				CLANG_WARN__DUPLICATE_METHOD_MATCH = YES;
				COPY_PHASE_STRIP = NO;
				DEBUG_INFORMATION_FORMAT = dwarf;
				ENABLE_STRICT_OBJC_MSGSEND = YES;
				ENABLE_TESTABILITY = YES;
				GCC_C_LANGUAGE_STANDARD = gnu11;
				GCC_DYNAMIC_NO_PIC = NO;
				GCC_NO_COMMON_BLOCKS = YES;
				GCC_OPTIMIZATION_LEVEL = 0;
				GCC_PREPROCESSOR_DEFINITIONS = (
					"DEBUG=1",
					"$(inherited)",
				);
				GCC_WARN_64_TO_32_BIT_CONVERSION = YES;
				GCC_WARN_ABOUT_RETURN_TYPE = YES_ERROR;
				GCC_WARN_UNDECLARED_SELECTOR = YES;
				GCC_WARN_UNINITIALIZED_AUTOS = YES_AGGRESSIVE;
				GCC_WARN_UNUSED_FUNCTION = YES;
				GCC_WARN_UNUSED_VARIABLE = YES;
				IPHONEOS_DEPLOYMENT_TARGET = 14.0;
				MTL_ENABLE_DEBUG_INFO = INCLUDE_SOURCE;
				MTL_FAST_MATH = YES;
				ONLY_ACTIVE_ARCH = YES;
				SDKROOT = iphoneos;
				SWIFT_ACTIVE_COMPILATION_CONDITIONS = DEBUG;
				SWIFT_OPTIMIZATION_LEVEL = "-Onone";
			};
			name = Debug;
		};
		E5BDDB4E290D0E2D00F4A767 /* Release */ = {
			isa = XCBuildConfiguration;
			buildSettings = {
				ALWAYS_SEARCH_USER_PATHS = NO;
				CLANG_ANALYZER_NONNULL = YES;
				CLANG_ANALYZER_NUMBER_OBJECT_CONVERSION = YES_AGGRESSIVE;
				CLANG_CXX_LANGUAGE_STANDARD = "gnu++17";
				CLANG_ENABLE_MODULES = YES;
				CLANG_ENABLE_OBJC_ARC = YES;
				CLANG_ENABLE_OBJC_WEAK = YES;
				CLANG_WARN_BLOCK_CAPTURE_AUTORELEASING = YES;
				CLANG_WARN_BOOL_CONVERSION = YES;
				CLANG_WARN_COMMA = YES;
				CLANG_WARN_CONSTANT_CONVERSION = YES;
				CLANG_WARN_DEPRECATED_OBJC_IMPLEMENTATIONS = YES;
				CLANG_WARN_DIRECT_OBJC_ISA_USAGE = YES_ERROR;
				CLANG_WARN_DOCUMENTATION_COMMENTS = YES;
				CLANG_WARN_EMPTY_BODY = YES;
				CLANG_WARN_ENUM_CONVERSION = YES;
				CLANG_WARN_INFINITE_RECURSION = YES;
				CLANG_WARN_INT_CONVERSION = YES;
				CLANG_WARN_NON_LITERAL_NULL_CONVERSION = YES;
				CLANG_WARN_OBJC_IMPLICIT_RETAIN_SELF = YES;
				CLANG_WARN_OBJC_LITERAL_CONVERSION = YES;
				CLANG_WARN_OBJC_ROOT_CLASS = YES_ERROR;
				CLANG_WARN_QUOTED_INCLUDE_IN_FRAMEWORK_HEADER = YES;
				CLANG_WARN_RANGE_LOOP_ANALYSIS = YES;
				CLANG_WARN_STRICT_PROTOTYPES = YES;
				CLANG_WARN_SUSPICIOUS_MOVE = YES;
				CLANG_WARN_UNGUARDED_AVAILABILITY = YES_AGGRESSIVE;
				CLANG_WARN_UNREACHABLE_CODE = YES;
				CLANG_WARN__DUPLICATE_METHOD_MATCH = YES;
				COPY_PHASE_STRIP = NO;
				DEBUG_INFORMATION_FORMAT = "dwarf-with-dsym";
				ENABLE_NS_ASSERTIONS = NO;
				ENABLE_STRICT_OBJC_MSGSEND = YES;
				GCC_C_LANGUAGE_STANDARD = gnu11;
				GCC_NO_COMMON_BLOCKS = YES;
				GCC_WARN_64_TO_32_BIT_CONVERSION = YES;
				GCC_WARN_ABOUT_RETURN_TYPE = YES_ERROR;
				GCC_WARN_UNDECLARED_SELECTOR = YES;
				GCC_WARN_UNINITIALIZED_AUTOS = YES_AGGRESSIVE;
				GCC_WARN_UNUSED_FUNCTION = YES;
				GCC_WARN_UNUSED_VARIABLE = YES;
				IPHONEOS_DEPLOYMENT_TARGET = 14.0;
				MTL_ENABLE_DEBUG_INFO = NO;
				MTL_FAST_MATH = YES;
				SDKROOT = iphoneos;
				SWIFT_COMPILATION_MODE = wholemodule;
				SWIFT_OPTIMIZATION_LEVEL = "-O";
				VALIDATE_PRODUCT = YES;
			};
			name = Release;
		};
		E5BDDB50290D0E2D00F4A767 /* Debug */ = {
			isa = XCBuildConfiguration;
			baseConfigurationReference = BE5A43F1B6AB4E753E5C2520 /* Pods-RooMeet.debug.xcconfig */;
			buildSettings = {
				ASSETCATALOG_COMPILER_APPICON_NAME = AppIcon;
				ASSETCATALOG_COMPILER_GLOBAL_ACCENT_COLOR_NAME = AccentColor;
				CODE_SIGN_STYLE = Automatic;
				CURRENT_PROJECT_VERSION = 1;
				DEVELOPMENT_TEAM = 865VWL9WN4;
				GENERATE_INFOPLIST_FILE = YES;
				INFOPLIST_FILE = RooMeet/Info.plist;
				INFOPLIST_KEY_NSLocationWhenInUseUsageDescription = "$(PRODUCT_NAME) 需要使用定位資訊";
				INFOPLIST_KEY_UIApplicationSupportsIndirectInputEvents = YES;
				INFOPLIST_KEY_UILaunchStoryboardName = LaunchScreen;
				INFOPLIST_KEY_UIMainStoryboardFile = Main;
				INFOPLIST_KEY_UISupportedInterfaceOrientations_iPad = "UIInterfaceOrientationPortrait UIInterfaceOrientationPortraitUpsideDown UIInterfaceOrientationLandscapeLeft UIInterfaceOrientationLandscapeRight";
				INFOPLIST_KEY_UISupportedInterfaceOrientations_iPhone = "UIInterfaceOrientationPortrait UIInterfaceOrientationLandscapeLeft UIInterfaceOrientationLandscapeRight";
				IPHONEOS_DEPLOYMENT_TARGET = 14.0;
				LD_RUNPATH_SEARCH_PATHS = (
					"$(inherited)",
					"@executable_path/Frameworks",
				);
				MARKETING_VERSION = 1.0;
				PRODUCT_BUNDLE_IDENTIFIER = com.karenchiu.RooMeet;
				PRODUCT_NAME = "$(TARGET_NAME)";
				SWIFT_EMIT_LOC_STRINGS = YES;
				SWIFT_VERSION = 5.0;
				TARGETED_DEVICE_FAMILY = "1,2";
			};
			name = Debug;
		};
		E5BDDB51290D0E2D00F4A767 /* Release */ = {
			isa = XCBuildConfiguration;
			baseConfigurationReference = 572078A3C9F8A5A84AA3CAE9 /* Pods-RooMeet.release.xcconfig */;
			buildSettings = {
				ASSETCATALOG_COMPILER_APPICON_NAME = AppIcon;
				ASSETCATALOG_COMPILER_GLOBAL_ACCENT_COLOR_NAME = AccentColor;
				CODE_SIGN_STYLE = Automatic;
				CURRENT_PROJECT_VERSION = 1;
				DEVELOPMENT_TEAM = 865VWL9WN4;
				GENERATE_INFOPLIST_FILE = YES;
				INFOPLIST_FILE = RooMeet/Info.plist;
				INFOPLIST_KEY_NSLocationWhenInUseUsageDescription = "$(PRODUCT_NAME) 需要使用定位資訊";
				INFOPLIST_KEY_UIApplicationSupportsIndirectInputEvents = YES;
				INFOPLIST_KEY_UILaunchStoryboardName = LaunchScreen;
				INFOPLIST_KEY_UIMainStoryboardFile = Main;
				INFOPLIST_KEY_UISupportedInterfaceOrientations_iPad = "UIInterfaceOrientationPortrait UIInterfaceOrientationPortraitUpsideDown UIInterfaceOrientationLandscapeLeft UIInterfaceOrientationLandscapeRight";
				INFOPLIST_KEY_UISupportedInterfaceOrientations_iPhone = "UIInterfaceOrientationPortrait UIInterfaceOrientationLandscapeLeft UIInterfaceOrientationLandscapeRight";
				IPHONEOS_DEPLOYMENT_TARGET = 14.0;
				LD_RUNPATH_SEARCH_PATHS = (
					"$(inherited)",
					"@executable_path/Frameworks",
				);
				MARKETING_VERSION = 1.0;
				PRODUCT_BUNDLE_IDENTIFIER = com.karenchiu.RooMeet;
				PRODUCT_NAME = "$(TARGET_NAME)";
				SWIFT_EMIT_LOC_STRINGS = YES;
				SWIFT_VERSION = 5.0;
				TARGETED_DEVICE_FAMILY = "1,2";
			};
			name = Release;
		};
/* End XCBuildConfiguration section */

/* Begin XCConfigurationList section */
		E5BDDB36290D0E2900F4A767 /* Build configuration list for PBXProject "RooMeet" */ = {
			isa = XCConfigurationList;
			buildConfigurations = (
				E5BDDB4D290D0E2D00F4A767 /* Debug */,
				E5BDDB4E290D0E2D00F4A767 /* Release */,
			);
			defaultConfigurationIsVisible = 0;
			defaultConfigurationName = Release;
		};
		E5BDDB4F290D0E2D00F4A767 /* Build configuration list for PBXNativeTarget "RooMeet" */ = {
			isa = XCConfigurationList;
			buildConfigurations = (
				E5BDDB50290D0E2D00F4A767 /* Debug */,
				E5BDDB51290D0E2D00F4A767 /* Release */,
			);
			defaultConfigurationIsVisible = 0;
			defaultConfigurationName = Release;
		};
/* End XCConfigurationList section */
	};
	rootObject = E5BDDB33290D0E2900F4A767 /* Project object */;
}
