// !$*UTF8*$!
{
	archiveVersion = 1;
	classes = {
	};
	objectVersion = 55;
	objects = {

/* Begin PBXBuildFile section */
		43F0895A0D2EF93E66E808CB /* Pods_RooMeet.framework in Frameworks */ = {isa = PBXBuildFile; fileRef = 69E8B7344E8447ABD91037E0 /* Pods_RooMeet.framework */; };
		E5BDDB3F290D0E2900F4A767 /* AppDelegate.swift in Sources */ = {isa = PBXBuildFile; fileRef = E5BDDB3E290D0E2900F4A767 /* AppDelegate.swift */; };
		E5BDDB41290D0E2900F4A767 /* SceneDelegate.swift in Sources */ = {isa = PBXBuildFile; fileRef = E5BDDB40290D0E2900F4A767 /* SceneDelegate.swift */; };
		E5BDDB43290D0E2900F4A767 /* ViewController.swift in Sources */ = {isa = PBXBuildFile; fileRef = E5BDDB42290D0E2900F4A767 /* ViewController.swift */; };
		E5BDDB46290D0E2900F4A767 /* Main.storyboard in Resources */ = {isa = PBXBuildFile; fileRef = E5BDDB44290D0E2900F4A767 /* Main.storyboard */; };
		E5BDDB48290D0E2D00F4A767 /* Assets.xcassets in Resources */ = {isa = PBXBuildFile; fileRef = E5BDDB47290D0E2D00F4A767 /* Assets.xcassets */; };
		E5BDDB4B290D0E2D00F4A767 /* LaunchScreen.storyboard in Resources */ = {isa = PBXBuildFile; fileRef = E5BDDB49290D0E2D00F4A767 /* LaunchScreen.storyboard */; };
/* End PBXBuildFile section */

/* Begin PBXFileReference section */
		572078A3C9F8A5A84AA3CAE9 /* Pods-RooMeet.release.xcconfig */ = {isa = PBXFileReference; includeInIndex = 1; lastKnownFileType = text.xcconfig; name = "Pods-RooMeet.release.xcconfig"; path = "Target Support Files/Pods-RooMeet/Pods-RooMeet.release.xcconfig"; sourceTree = "<group>"; };
		69E8B7344E8447ABD91037E0 /* Pods_RooMeet.framework */ = {isa = PBXFileReference; explicitFileType = wrapper.framework; includeInIndex = 0; path = Pods_RooMeet.framework; sourceTree = BUILT_PRODUCTS_DIR; };
		BE5A43F1B6AB4E753E5C2520 /* Pods-RooMeet.debug.xcconfig */ = {isa = PBXFileReference; includeInIndex = 1; lastKnownFileType = text.xcconfig; name = "Pods-RooMeet.debug.xcconfig"; path = "Target Support Files/Pods-RooMeet/Pods-RooMeet.debug.xcconfig"; sourceTree = "<group>"; };
		E5BDDB3B290D0E2900F4A767 /* RooMeet.app */ = {isa = PBXFileReference; explicitFileType = wrapper.application; includeInIndex = 0; path = RooMeet.app; sourceTree = BUILT_PRODUCTS_DIR; };
		E5BDDB3E290D0E2900F4A767 /* AppDelegate.swift */ = {isa = PBXFileReference; lastKnownFileType = sourcecode.swift; path = AppDelegate.swift; sourceTree = "<group>"; };
		E5BDDB40290D0E2900F4A767 /* SceneDelegate.swift */ = {isa = PBXFileReference; lastKnownFileType = sourcecode.swift; path = SceneDelegate.swift; sourceTree = "<group>"; };
		E5BDDB42290D0E2900F4A767 /* ViewController.swift */ = {isa = PBXFileReference; lastKnownFileType = sourcecode.swift; path = ViewController.swift; sourceTree = "<group>"; };
		E5BDDB45290D0E2900F4A767 /* Base */ = {isa = PBXFileReference; lastKnownFileType = file.storyboard; name = Base; path = Base.lproj/Main.storyboard; sourceTree = "<group>"; };
		E5BDDB47290D0E2D00F4A767 /* Assets.xcassets */ = {isa = PBXFileReference; lastKnownFileType = folder.assetcatalog; path = Assets.xcassets; sourceTree = "<group>"; };
		E5BDDB4A290D0E2D00F4A767 /* Base */ = {isa = PBXFileReference; lastKnownFileType = file.storyboard; name = Base; path = Base.lproj/LaunchScreen.storyboard; sourceTree = "<group>"; };
		E5BDDB4C290D0E2D00F4A767 /* Info.plist */ = {isa = PBXFileReference; lastKnownFileType = text.plist.xml; path = Info.plist; sourceTree = "<group>"; };
/* End PBXFileReference section */

/* Begin PBXFrameworksBuildPhase section */
		E5BDDB38290D0E2900F4A767 /* Frameworks */ = {
			isa = PBXFrameworksBuildPhase;
			buildActionMask = 2147483647;
			files = (
				43F0895A0D2EF93E66E808CB /* Pods_RooMeet.framework in Frameworks */,
			);
			runOnlyForDeploymentPostprocessing = 0;
		};
/* End PBXFrameworksBuildPhase section */

/* Begin PBXGroup section */
		4638587F451EB83409A04D66 /* Frameworks */ = {
			isa = PBXGroup;
			children = (
				69E8B7344E8447ABD91037E0 /* Pods_RooMeet.framework */,
			);
			name = Frameworks;
			sourceTree = "<group>";
		};
		C8EB47FCE83D668C7712B265 /* Pods */ = {
			isa = PBXGroup;
			children = (
				BE5A43F1B6AB4E753E5C2520 /* Pods-RooMeet.debug.xcconfig */,
				572078A3C9F8A5A84AA3CAE9 /* Pods-RooMeet.release.xcconfig */,
			);
			path = Pods;
			sourceTree = "<group>";
		};
		E5BDDB32290D0E2900F4A767 = {
			isa = PBXGroup;
			children = (
				E5BDDB3D290D0E2900F4A767 /* RooMeet */,
				E5BDDB3C290D0E2900F4A767 /* Products */,
				C8EB47FCE83D668C7712B265 /* Pods */,
				4638587F451EB83409A04D66 /* Frameworks */,
			);
			sourceTree = "<group>";
		};
		E5BDDB3C290D0E2900F4A767 /* Products */ = {
			isa = PBXGroup;
			children = (
				E5BDDB3B290D0E2900F4A767 /* RooMeet.app */,
			);
			name = Products;
			sourceTree = "<group>";
		};
		E5BDDB3D290D0E2900F4A767 /* RooMeet */ = {
			isa = PBXGroup;
			children = (
				E5BDDB3E290D0E2900F4A767 /* AppDelegate.swift */,
				E5BDDB40290D0E2900F4A767 /* SceneDelegate.swift */,
				E5BDDB42290D0E2900F4A767 /* ViewController.swift */,
				E5BDDB44290D0E2900F4A767 /* Main.storyboard */,
				E5BDDB47290D0E2D00F4A767 /* Assets.xcassets */,
				E5BDDB49290D0E2D00F4A767 /* LaunchScreen.storyboard */,
				E5BDDB4C290D0E2D00F4A767 /* Info.plist */,
			);
			path = RooMeet;
			sourceTree = "<group>";
		};
/* End PBXGroup section */

/* Begin PBXNativeTarget section */
		E5BDDB3A290D0E2900F4A767 /* RooMeet */ = {
			isa = PBXNativeTarget;
			buildConfigurationList = E5BDDB4F290D0E2D00F4A767 /* Build configuration list for PBXNativeTarget "RooMeet" */;
			buildPhases = (
				73ADE39C12D821C26D0E0018 /* [CP] Check Pods Manifest.lock */,
				E5BDDB37290D0E2900F4A767 /* Sources */,
				E5BDDB38290D0E2900F4A767 /* Frameworks */,
				E5BDDB39290D0E2900F4A767 /* Resources */,
				E55C095A290D30F000DBF21B /* ShellScript */,
			);
			buildRules = (
			);
			dependencies = (
			);
			name = RooMeet;
			productName = RooMeet;
			productReference = E5BDDB3B290D0E2900F4A767 /* RooMeet.app */;
			productType = "com.apple.product-type.application";
		};
/* End PBXNativeTarget section */

/* Begin PBXProject section */
		E5BDDB33290D0E2900F4A767 /* Project object */ = {
			isa = PBXProject;
			attributes = {
				BuildIndependentTargetsInParallel = 1;
				LastSwiftUpdateCheck = 1340;
				LastUpgradeCheck = 1340;
				TargetAttributes = {
					E5BDDB3A290D0E2900F4A767 = {
						CreatedOnToolsVersion = 13.4;
					};
				};
			};
			buildConfigurationList = E5BDDB36290D0E2900F4A767 /* Build configuration list for PBXProject "RooMeet" */;
			compatibilityVersion = "Xcode 13.0";
			developmentRegion = en;
			hasScannedForEncodings = 0;
			knownRegions = (
				en,
				Base,
			);
			mainGroup = E5BDDB32290D0E2900F4A767;
			productRefGroup = E5BDDB3C290D0E2900F4A767 /* Products */;
			projectDirPath = "";
			projectRoot = "";
			targets = (
				E5BDDB3A290D0E2900F4A767 /* RooMeet */,
			);
		};
/* End PBXProject section */

/* Begin PBXResourcesBuildPhase section */
		E5BDDB39290D0E2900F4A767 /* Resources */ = {
			isa = PBXResourcesBuildPhase;
			buildActionMask = 2147483647;
			files = (
				E5BDDB4B290D0E2D00F4A767 /* LaunchScreen.storyboard in Resources */,
				E5BDDB48290D0E2D00F4A767 /* Assets.xcassets in Resources */,
				E5BDDB46290D0E2900F4A767 /* Main.storyboard in Resources */,
			);
			runOnlyForDeploymentPostprocessing = 0;
		};
/* End PBXResourcesBuildPhase section */

/* Begin PBXShellScriptBuildPhase section */
		73ADE39C12D821C26D0E0018 /* [CP] Check Pods Manifest.lock */ = {
			isa = PBXShellScriptBuildPhase;
			buildActionMask = 2147483647;
			files = (
			);
			inputFileListPaths = (
			);
			inputPaths = (
				"${PODS_PODFILE_DIR_PATH}/Podfile.lock",
				"${PODS_ROOT}/Manifest.lock",
			);
			name = "[CP] Check Pods Manifest.lock";
			outputFileListPaths = (
			);
			outputPaths = (
				"$(DERIVED_FILE_DIR)/Pods-RooMeet-checkManifestLockResult.txt",
			);
			runOnlyForDeploymentPostprocessing = 0;
			shellPath = /bin/sh;
			shellScript = "diff \"${PODS_PODFILE_DIR_PATH}/Podfile.lock\" \"${PODS_ROOT}/Manifest.lock\" > /dev/null\nif [ $? != 0 ] ; then\n    # print error to STDERR\n    echo \"error: The sandbox is not in sync with the Podfile.lock. Run 'pod install' or update your CocoaPods installation.\" >&2\n    exit 1\nfi\n# This output is used by Xcode 'outputs' to avoid re-running this script phase.\necho \"SUCCESS\" > \"${SCRIPT_OUTPUT_FILE_0}\"\n";
			showEnvVarsInLog = 0;
		};
		E55C095A290D30F000DBF21B /* ShellScript */ = {
			isa = PBXShellScriptBuildPhase;
			buildActionMask = 2147483647;
			files = (
			);
			inputFileListPaths = (
			);
			inputPaths = (
			);
			outputFileListPaths = (
			);
			outputPaths = (
			);
			runOnlyForDeploymentPostprocessing = 0;
			shellPath = /bin/sh;
			shellScript = "# Type a script or drag a script file from your workspace to insert its path.\n\"${PODS_ROOT}/SwiftLint/swiftlint\"\n";
		};
/* End PBXShellScriptBuildPhase section */

/* Begin PBXSourcesBuildPhase section */
		E5BDDB37290D0E2900F4A767 /* Sources */ = {
			isa = PBXSourcesBuildPhase;
			buildActionMask = 2147483647;
			files = (
				E5BDDB43290D0E2900F4A767 /* ViewController.swift in Sources */,
				E5BDDB3F290D0E2900F4A767 /* AppDelegate.swift in Sources */,
				E5BDDB41290D0E2900F4A767 /* SceneDelegate.swift in Sources */,
			);
			runOnlyForDeploymentPostprocessing = 0;
		};
/* End PBXSourcesBuildPhase section */

/* Begin PBXVariantGroup section */
		E5BDDB44290D0E2900F4A767 /* Main.storyboard */ = {
			isa = PBXVariantGroup;
			children = (
				E5BDDB45290D0E2900F4A767 /* Base */,
			);
			name = Main.storyboard;
			sourceTree = "<group>";
		};
		E5BDDB49290D0E2D00F4A767 /* LaunchScreen.storyboard */ = {
			isa = PBXVariantGroup;
			children = (
				E5BDDB4A290D0E2D00F4A767 /* Base */,
			);
			name = LaunchScreen.storyboard;
			sourceTree = "<group>";
		};
/* End PBXVariantGroup section */

/* Begin XCBuildConfiguration section */
		E5BDDB4D290D0E2D00F4A767 /* Debug */ = {
			isa = XCBuildConfiguration;
			buildSettings = {
				ALWAYS_SEARCH_USER_PATHS = NO;
				CLANG_ANALYZER_NONNULL = YES;
				CLANG_ANALYZER_NUMBER_OBJECT_CONVERSION = YES_AGGRESSIVE;
				CLANG_CXX_LANGUAGE_STANDARD = "gnu++17";
				CLANG_ENABLE_MODULES = YES;
				CLANG_ENABLE_OBJC_ARC = YES;
				CLANG_ENABLE_OBJC_WEAK = YES;
				CLANG_WARN_BLOCK_CAPTURE_AUTORELEASING = YES;
				CLANG_WARN_BOOL_CONVERSION = YES;
				CLANG_WARN_COMMA = YES;
				CLANG_WARN_CONSTANT_CONVERSION = YES;
				CLANG_WARN_DEPRECATED_OBJC_IMPLEMENTATIONS = YES;
				CLANG_WARN_DIRECT_OBJC_ISA_USAGE = YES_ERROR;
				CLANG_WARN_DOCUMENTATION_COMMENTS = YES;
				CLANG_WARN_EMPTY_BODY = YES;
				CLANG_WARN_ENUM_CONVERSION = YES;
				CLANG_WARN_INFINITE_RECURSION = YES;
				CLANG_WARN_INT_CONVERSION = YES;
				CLANG_WARN_NON_LITERAL_NULL_CONVERSION = YES;
				CLANG_WARN_OBJC_IMPLICIT_RETAIN_SELF = YES;
				CLANG_WARN_OBJC_LITERAL_CONVERSION = YES;
				CLANG_WARN_OBJC_ROOT_CLASS = YES_ERROR;
				CLANG_WARN_QUOTED_INCLUDE_IN_FRAMEWORK_HEADER = YES;
				CLANG_WARN_RANGE_LOOP_ANALYSIS = YES;
				CLANG_WARN_STRICT_PROTOTYPES = YES;
				CLANG_WARN_SUSPICIOUS_MOVE = YES;
				CLANG_WARN_UNGUARDED_AVAILABILITY = YES_AGGRESSIVE;
				CLANG_WARN_UNREACHABLE_CODE = YES;
				CLANG_WARN__DUPLICATE_METHOD_MATCH = YES;
				COPY_PHASE_STRIP = NO;
				DEBUG_INFORMATION_FORMAT = dwarf;
				ENABLE_STRICT_OBJC_MSGSEND = YES;
				ENABLE_TESTABILITY = YES;
				GCC_C_LANGUAGE_STANDARD = gnu11;
				GCC_DYNAMIC_NO_PIC = NO;
				GCC_NO_COMMON_BLOCKS = YES;
				GCC_OPTIMIZATION_LEVEL = 0;
				GCC_PREPROCESSOR_DEFINITIONS = (
					"DEBUG=1",
					"$(inherited)",
				);
				GCC_WARN_64_TO_32_BIT_CONVERSION = YES;
				GCC_WARN_ABOUT_RETURN_TYPE = YES_ERROR;
				GCC_WARN_UNDECLARED_SELECTOR = YES;
				GCC_WARN_UNINITIALIZED_AUTOS = YES_AGGRESSIVE;
				GCC_WARN_UNUSED_FUNCTION = YES;
				GCC_WARN_UNUSED_VARIABLE = YES;
				IPHONEOS_DEPLOYMENT_TARGET = 14.0;
				MTL_ENABLE_DEBUG_INFO = INCLUDE_SOURCE;
				MTL_FAST_MATH = YES;
				ONLY_ACTIVE_ARCH = YES;
				SDKROOT = iphoneos;
				SWIFT_ACTIVE_COMPILATION_CONDITIONS = DEBUG;
				SWIFT_OPTIMIZATION_LEVEL = "-Onone";
			};
			name = Debug;
		};
		E5BDDB4E290D0E2D00F4A767 /* Release */ = {
			isa = XCBuildConfiguration;
			buildSettings = {
				ALWAYS_SEARCH_USER_PATHS = NO;
				CLANG_ANALYZER_NONNULL = YES;
				CLANG_ANALYZER_NUMBER_OBJECT_CONVERSION = YES_AGGRESSIVE;
				CLANG_CXX_LANGUAGE_STANDARD = "gnu++17";
				CLANG_ENABLE_MODULES = YES;
				CLANG_ENABLE_OBJC_ARC = YES;
				CLANG_ENABLE_OBJC_WEAK = YES;
				CLANG_WARN_BLOCK_CAPTURE_AUTORELEASING = YES;
				CLANG_WARN_BOOL_CONVERSION = YES;
				CLANG_WARN_COMMA = YES;
				CLANG_WARN_CONSTANT_CONVERSION = YES;
				CLANG_WARN_DEPRECATED_OBJC_IMPLEMENTATIONS = YES;
				CLANG_WARN_DIRECT_OBJC_ISA_USAGE = YES_ERROR;
				CLANG_WARN_DOCUMENTATION_COMMENTS = YES;
				CLANG_WARN_EMPTY_BODY = YES;
				CLANG_WARN_ENUM_CONVERSION = YES;
				CLANG_WARN_INFINITE_RECURSION = YES;
				CLANG_WARN_INT_CONVERSION = YES;
				CLANG_WARN_NON_LITERAL_NULL_CONVERSION = YES;
				CLANG_WARN_OBJC_IMPLICIT_RETAIN_SELF = YES;
				CLANG_WARN_OBJC_LITERAL_CONVERSION = YES;
				CLANG_WARN_OBJC_ROOT_CLASS = YES_ERROR;
				CLANG_WARN_QUOTED_INCLUDE_IN_FRAMEWORK_HEADER = YES;
				CLANG_WARN_RANGE_LOOP_ANALYSIS = YES;
				CLANG_WARN_STRICT_PROTOTYPES = YES;
				CLANG_WARN_SUSPICIOUS_MOVE = YES;
				CLANG_WARN_UNGUARDED_AVAILABILITY = YES_AGGRESSIVE;
				CLANG_WARN_UNREACHABLE_CODE = YES;
				CLANG_WARN__DUPLICATE_METHOD_MATCH = YES;
				COPY_PHASE_STRIP = NO;
				DEBUG_INFORMATION_FORMAT = "dwarf-with-dsym";
				ENABLE_NS_ASSERTIONS = NO;
				ENABLE_STRICT_OBJC_MSGSEND = YES;
				GCC_C_LANGUAGE_STANDARD = gnu11;
				GCC_NO_COMMON_BLOCKS = YES;
				GCC_WARN_64_TO_32_BIT_CONVERSION = YES;
				GCC_WARN_ABOUT_RETURN_TYPE = YES_ERROR;
				GCC_WARN_UNDECLARED_SELECTOR = YES;
				GCC_WARN_UNINITIALIZED_AUTOS = YES_AGGRESSIVE;
				GCC_WARN_UNUSED_FUNCTION = YES;
				GCC_WARN_UNUSED_VARIABLE = YES;
				IPHONEOS_DEPLOYMENT_TARGET = 14.0;
				MTL_ENABLE_DEBUG_INFO = NO;
				MTL_FAST_MATH = YES;
				SDKROOT = iphoneos;
				SWIFT_COMPILATION_MODE = wholemodule;
				SWIFT_OPTIMIZATION_LEVEL = "-O";
				VALIDATE_PRODUCT = YES;
			};
			name = Release;
		};
		E5BDDB50290D0E2D00F4A767 /* Debug */ = {
			isa = XCBuildConfiguration;
			baseConfigurationReference = BE5A43F1B6AB4E753E5C2520 /* Pods-RooMeet.debug.xcconfig */;
			buildSettings = {
				ASSETCATALOG_COMPILER_APPICON_NAME = AppIcon;
				ASSETCATALOG_COMPILER_GLOBAL_ACCENT_COLOR_NAME = AccentColor;
				CODE_SIGN_STYLE = Automatic;
				CURRENT_PROJECT_VERSION = 1;
				DEVELOPMENT_TEAM = 865VWL9WN4;
				GENERATE_INFOPLIST_FILE = YES;
				INFOPLIST_FILE = RooMeet/Info.plist;
				INFOPLIST_KEY_UIApplicationSupportsIndirectInputEvents = YES;
				INFOPLIST_KEY_UILaunchStoryboardName = LaunchScreen;
				INFOPLIST_KEY_UIMainStoryboardFile = Main;
				INFOPLIST_KEY_UISupportedInterfaceOrientations_iPad = "UIInterfaceOrientationPortrait UIInterfaceOrientationPortraitUpsideDown UIInterfaceOrientationLandscapeLeft UIInterfaceOrientationLandscapeRight";
				INFOPLIST_KEY_UISupportedInterfaceOrientations_iPhone = "UIInterfaceOrientationPortrait UIInterfaceOrientationLandscapeLeft UIInterfaceOrientationLandscapeRight";
				IPHONEOS_DEPLOYMENT_TARGET = 14.0;
				LD_RUNPATH_SEARCH_PATHS = (
					"$(inherited)",
					"@executable_path/Frameworks",
				);
				MARKETING_VERSION = 1.0;
				PRODUCT_BUNDLE_IDENTIFIER = com.karenchiu.RooMeet;
				PRODUCT_NAME = "$(TARGET_NAME)";
				SWIFT_EMIT_LOC_STRINGS = YES;
				SWIFT_VERSION = 5.0;
				TARGETED_DEVICE_FAMILY = "1,2";
			};
			name = Debug;
		};
		E5BDDB51290D0E2D00F4A767 /* Release */ = {
			isa = XCBuildConfiguration;
			baseConfigurationReference = 572078A3C9F8A5A84AA3CAE9 /* Pods-RooMeet.release.xcconfig */;
			buildSettings = {
				ASSETCATALOG_COMPILER_APPICON_NAME = AppIcon;
				ASSETCATALOG_COMPILER_GLOBAL_ACCENT_COLOR_NAME = AccentColor;
				CODE_SIGN_STYLE = Automatic;
				CURRENT_PROJECT_VERSION = 1;
				DEVELOPMENT_TEAM = 865VWL9WN4;
				GENERATE_INFOPLIST_FILE = YES;
				INFOPLIST_FILE = RooMeet/Info.plist;
				INFOPLIST_KEY_UIApplicationSupportsIndirectInputEvents = YES;
				INFOPLIST_KEY_UILaunchStoryboardName = LaunchScreen;
				INFOPLIST_KEY_UIMainStoryboardFile = Main;
				INFOPLIST_KEY_UISupportedInterfaceOrientations_iPad = "UIInterfaceOrientationPortrait UIInterfaceOrientationPortraitUpsideDown UIInterfaceOrientationLandscapeLeft UIInterfaceOrientationLandscapeRight";
				INFOPLIST_KEY_UISupportedInterfaceOrientations_iPhone = "UIInterfaceOrientationPortrait UIInterfaceOrientationLandscapeLeft UIInterfaceOrientationLandscapeRight";
				IPHONEOS_DEPLOYMENT_TARGET = 14.0;
				LD_RUNPATH_SEARCH_PATHS = (
					"$(inherited)",
					"@executable_path/Frameworks",
				);
				MARKETING_VERSION = 1.0;
				PRODUCT_BUNDLE_IDENTIFIER = com.karenchiu.RooMeet;
				PRODUCT_NAME = "$(TARGET_NAME)";
				SWIFT_EMIT_LOC_STRINGS = YES;
				SWIFT_VERSION = 5.0;
				TARGETED_DEVICE_FAMILY = "1,2";
			};
			name = Release;
		};
/* End XCBuildConfiguration section */

/* Begin XCConfigurationList section */
		E5BDDB36290D0E2900F4A767 /* Build configuration list for PBXProject "RooMeet" */ = {
			isa = XCConfigurationList;
			buildConfigurations = (
				E5BDDB4D290D0E2D00F4A767 /* Debug */,
				E5BDDB4E290D0E2D00F4A767 /* Release */,
			);
			defaultConfigurationIsVisible = 0;
			defaultConfigurationName = Release;
		};
		E5BDDB4F290D0E2D00F4A767 /* Build configuration list for PBXNativeTarget "RooMeet" */ = {
			isa = XCConfigurationList;
			buildConfigurations = (
				E5BDDB50290D0E2D00F4A767 /* Debug */,
				E5BDDB51290D0E2D00F4A767 /* Release */,
			);
			defaultConfigurationIsVisible = 0;
			defaultConfigurationName = Release;
		};
/* End XCConfigurationList section */
	};
	rootObject = E5BDDB33290D0E2900F4A767 /* Project object */;
}
